
Microsoft Visual Studio Solution File, Format Version 12.00
# Visual Studio Version 17
VisualStudioVersion = 17.3.32825.248
MinimumVisualStudioVersion = 10.0.40219.1
Project("{FAE04EC0-301F-11D3-BF4B-00C04F79EFBC}") = "LAB9", "LAB9.csproj", "{FB4C0A34-3C1A-417C-B02B-3A334ABEE30C}"
EndProject
Global
	GlobalSection(SolutionConfigurationPlatforms) = preSolution
		Debug|Any CPU = Debug|Any CPU
		Release|Any CPU = Release|Any CPU
	EndGlobalSection
	GlobalSection(ProjectConfigurationPlatforms) = postSolution
		{FB4C0A34-3C1A-417C-B02B-3A334ABEE30C}.Debug|Any CPU.ActiveCfg = Debug|Any CPU
		{FB4C0A34-3C1A-417C-B02B-3A334ABEE30C}.Debug|Any CPU.Build.0 = Debug|Any CPU
		{FB4C0A34-3C1A-417C-B02B-3A334ABEE30C}.Release|Any CPU.ActiveCfg = Release|Any CPU
		{FB4C0A34-3C1A-417C-B02B-3A334ABEE30C}.Release|Any CPU.Build.0 = Release|Any CPU
	EndGlobalSection
	GlobalSection(SolutionProperties) = preSolution
		HideSolutionNode = FALSE
	EndGlobalSection
	GlobalSection(ExtensibilityGlobals) = postSolution
		SolutionGuid = {2CBAFAF4-7C4E-429A-858B-297B22F658F6}
	EndGlobalSection
EndGlobal
