
Microsoft Visual Studio Solution File, Format Version 12.00
# Visual Studio Version 16
VisualStudioVersion = 16.0.33130.400
MinimumVisualStudioVersion = 10.0.40219.1
Project("{9A19103F-16F7-4668-BE54-9A1E7A4F7556}") = "individualgraphics", "individualgraphics.csproj", "{B8B41B31-8BEC-4DAC-B924-BBD27BF8BA2D}"
EndProject
Global
	GlobalSection(SolutionConfigurationPlatforms) = preSolution
		Debug|Any CPU = Debug|Any CPU
		Release|Any CPU = Release|Any CPU
	EndGlobalSection
	GlobalSection(ProjectConfigurationPlatforms) = postSolution
		{B8B41B31-8BEC-4DAC-B924-BBD27BF8BA2D}.Debug|Any CPU.ActiveCfg = Debug|Any CPU
		{B8B41B31-8BEC-4DAC-B924-BBD27BF8BA2D}.Debug|Any CPU.Build.0 = Debug|Any CPU
		{B8B41B31-8BEC-4DAC-B924-BBD27BF8BA2D}.Release|Any CPU.ActiveCfg = Release|Any CPU
		{B8B41B31-8BEC-4DAC-B924-BBD27BF8BA2D}.Release|Any CPU.Build.0 = Release|Any CPU
	EndGlobalSection
	GlobalSection(SolutionProperties) = preSolution
		HideSolutionNode = FALSE
	EndGlobalSection
	GlobalSection(ExtensibilityGlobals) = postSolution
		SolutionGuid = {6BD107D7-3780-4FD5-9A1F-6A987CB83534}
	EndGlobalSection
EndGlobal
