
Microsoft Visual Studio Solution File, Format Version 12.00
# Visual Studio Version 17
VisualStudioVersion = 17.3.32825.248
MinimumVisualStudioVersion = 10.0.40219.1
Project("{FAE04EC0-301F-11D3-BF4B-00C04F79EFBC}") = "LAB4", "LAB4.csproj", "{92754E40-184C-4620-B079-C9247F2872DC}"
EndProject
Global
	GlobalSection(SolutionConfigurationPlatforms) = preSolution
		Debug|Any CPU = Debug|Any CPU
		Release|Any CPU = Release|Any CPU
	EndGlobalSection
	GlobalSection(ProjectConfigurationPlatforms) = postSolution
		{92754E40-184C-4620-B079-C9247F2872DC}.Debug|Any CPU.ActiveCfg = Debug|Any CPU
		{92754E40-184C-4620-B079-C9247F2872DC}.Debug|Any CPU.Build.0 = Debug|Any CPU
		{92754E40-184C-4620-B079-C9247F2872DC}.Release|Any CPU.ActiveCfg = Release|Any CPU
		{92754E40-184C-4620-B079-C9247F2872DC}.Release|Any CPU.Build.0 = Release|Any CPU
	EndGlobalSection
	GlobalSection(SolutionProperties) = preSolution
		HideSolutionNode = FALSE
	EndGlobalSection
	GlobalSection(ExtensibilityGlobals) = postSolution
		SolutionGuid = {D796319C-5A98-4977-8C38-28960B042C02}
	EndGlobalSection
EndGlobal
