
Microsoft Visual Studio Solution File, Format Version 12.00
# Visual Studio Version 17
VisualStudioVersion = 17.4.33122.133
MinimumVisualStudioVersion = 10.0.40219.1
Project("{FAE04EC0-301F-11D3-BF4B-00C04F79EFBC}") = "Lab7", "Lab7.csproj", "{68711388-4069-4B24-9EB5-1CAFE938AE0D}"
EndProject
Global
	GlobalSection(SolutionConfigurationPlatforms) = preSolution
		Debug|Any CPU = Debug|Any CPU
		Release|Any CPU = Release|Any CPU
	EndGlobalSection
	GlobalSection(ProjectConfigurationPlatforms) = postSolution
		{68711388-4069-4B24-9EB5-1CAFE938AE0D}.Debug|Any CPU.ActiveCfg = Debug|Any CPU
		{68711388-4069-4B24-9EB5-1CAFE938AE0D}.Debug|Any CPU.Build.0 = Debug|Any CPU
		{68711388-4069-4B24-9EB5-1CAFE938AE0D}.Release|Any CPU.ActiveCfg = Release|Any CPU
		{68711388-4069-4B24-9EB5-1CAFE938AE0D}.Release|Any CPU.Build.0 = Release|Any CPU
	EndGlobalSection
	GlobalSection(SolutionProperties) = preSolution
		HideSolutionNode = FALSE
	EndGlobalSection
	GlobalSection(ExtensibilityGlobals) = postSolution
		SolutionGuid = {490E4EEB-3CBC-4608-A8AA-2CA5ADA8B8A3}
	EndGlobalSection
EndGlobal
